<?xml version="1.0" encoding="utf-8"?>
<Project ToolsVersion="4.0" xmlns="http://schemas.microsoft.com/developer/msbuild/2003">
  <ItemGroup>
    <Filter Include="Source">
      <UniqueIdentifier>{4FC737F1-C7A5-4376-A066-2A32D752A2FF}</UniqueIdentifier>
      <Extensions>cpp;c;cc;cxx;def;odl;idl;hpj;bat;asm;asmx</Extensions>
    </Filter>
    <Filter Include="Header">
      <UniqueIdentifier>{93995380-89BD-4b04-88EB-625FBE52EBFB}</UniqueIdentifier>
      <Extensions>h;hh;hpp;hxx;hm;inl;inc;ipp;xsd</Extensions>
    </Filter>
    <Filter Include="Resource">
      <UniqueIdentifier>{67DA6AB6-F800-4c08-8B7A-83BB121AAD01}</UniqueIdentifier>
      <Extensions>rc;ico;cur;bmp;dlg;rc2;rct;bin;rgs;gif;jpg;jpeg;jpe;resx;tiff;tif;png;wav;mfcribbon-ms</Extensions>
    </Filter>
    <Filter Include="Source\numeric">
      <UniqueIdentifier>{6e62b482-6c2d-4cc0-ab43-7b1d7f3b5014}</UniqueIdentifier>
    </Filter>
    <Filter Include="Header\numeric">
      <UniqueIdentifier>{326ab4ff-e3c6-4fd2-8c8d-56a61f7cc2a4}</UniqueIdentifier>
    </Filter>
  </ItemGroup>
  <ItemGroup>
    <ClInclude Include="..\..\include\PML\Math\numeric_simd.h">
      <Filter>Header</Filter>
    </ClInclude>
    <ClInclude Include="..\..\include\PML\Math\pmath.h">
      <Filter>Header</Filter>
    </ClInclude>
    <ClInclude Include="..\..\include\PML\Math\Constants.h">
      <Filter>Header</Filter>
    </ClInclude>
    <ClInclude Include="..\..\include\PML\Math\numeric\accumulate.h">
      <Filter>Header\numeric</Filter>
    </ClInclude>
    <ClInclude Include="..\..\include\PML\Math\numeric\inner_prod.h">
      <Filter>Header\numeric</Filter>
    </ClInclude>
    <ClInclude Include="..\..\include\PML\Math\numeric\adjacent_divide.h">
      <Filter>Header\numeric</Filter>
    </ClInclude>
    <ClInclude Include="..\..\include\PML\Math\numeric\positive_difference.h">
      <Filter>Header\numeric</Filter>
    </ClInclude>
  </ItemGroup>
  <ItemGroup>
    <ClCompile Include="pmath.cpp">
      <Filter>Source</Filter>
    </ClCompile>
    <ClCompile Include="numeric\accumulate.cpp">
      <Filter>Source\numeric</Filter>
    </ClCompile>
    <ClCompile Include="numeric\adjacent_divide.cpp">
      <Filter>Source\numeric</Filter>
    </ClCompile>
    <ClCompile Include="numeric\inner_prod.cpp">
      <Filter>Source\numeric</Filter>
    </ClCompile>
    <ClCompile Include="numeric\positive_difference.cpp">
      <Filter>Source\numeric</Filter>
    </ClCompile>
  </ItemGroup>
</Project>